
Microsoft Visual Studio Solution File, Format Version 12.00
# Visual Studio Version 17
VisualStudioVersion = 17.8.34316.72
MinimumVisualStudioVersion = 10.0.40219.1
Project("{9A19103F-16F7-4668-BE54-9A1E7A4F7556}") = "ActionBlocks", "src\ActionBlocks\ActionBlocks.csproj", "{DCB12F8E-C0E4-4E82-8FB9-62E1F8ED1638}"
EndProject
Project("{9A19103F-16F7-4668-BE54-9A1E7A4F7556}") = "BatchBlocks", "src\BatchBlocks\BatchBlocks.csproj", "{4EBE960B-98CA-4DF0-AC1D-1DF4BC5C732D}"
EndProject
Project("{9A19103F-16F7-4668-BE54-9A1E7A4F7556}") = "BufferBlock", "src\BufferBlock\BufferBlock.csproj", "{6763AF15-D8BE-4E44-BAC4-9E5488954D40}"
EndProject
Project("{9A19103F-16F7-4668-BE54-9A1E7A4F7556}") = "JoinedBlock", "src\JoinedBlock\JoinedBlock.csproj", "{088BF5F9-DECD-49FD-8FAD-EB312C4430EA}"
EndProject
Project("{9A19103F-16F7-4668-BE54-9A1E7A4F7556}") = "TransformBlocks", "src\TransformBlocks\TransformBlocks.csproj", "{42BA5D2C-AAC1-460F-8993-60C393DE6413}"
EndProject
Project("{9A19103F-16F7-4668-BE54-9A1E7A4F7556}") = "TransformMany", "src\TransformMany\TransformMany.csproj", "{BD5E938F-6604-4D00-B12D-D0E508FD6D61}"
EndProject
Project("{FAE04EC0-301F-11D3-BF4B-00C04F79EFBC}") = "BatchJoinBlock", "src\BatchJoinBlock\BatchJoinBlock.csproj", "{DB9424D1-5B16-487C-A25D-7259E4B827AE}"
EndProject
Project("{FAE04EC0-301F-11D3-BF4B-00C04F79EFBC}") = "Completion", "src\Completion\Completion.csproj", "{DFE1C157-53C9-4022-8CD7-DECEC047B2BA}"
EndProject
Global
	GlobalSection(SolutionConfigurationPlatforms) = preSolution
		Debug|Any CPU = Debug|Any CPU
		Release|Any CPU = Release|Any CPU
	EndGlobalSection
	GlobalSection(ProjectConfigurationPlatforms) = postSolution
		{DCB12F8E-C0E4-4E82-8FB9-62E1F8ED1638}.Debug|Any CPU.ActiveCfg = Debug|Any CPU
		{DCB12F8E-C0E4-4E82-8FB9-62E1F8ED1638}.Debug|Any CPU.Build.0 = Debug|Any CPU
		{DCB12F8E-C0E4-4E82-8FB9-62E1F8ED1638}.Release|Any CPU.ActiveCfg = Release|Any CPU
		{DCB12F8E-C0E4-4E82-8FB9-62E1F8ED1638}.Release|Any CPU.Build.0 = Release|Any CPU
		{4EBE960B-98CA-4DF0-AC1D-1DF4BC5C732D}.Debug|Any CPU.ActiveCfg = Debug|Any CPU
		{4EBE960B-98CA-4DF0-AC1D-1DF4BC5C732D}.Debug|Any CPU.Build.0 = Debug|Any CPU
		{4EBE960B-98CA-4DF0-AC1D-1DF4BC5C732D}.Release|Any CPU.ActiveCfg = Release|Any CPU
		{4EBE960B-98CA-4DF0-AC1D-1DF4BC5C732D}.Release|Any CPU.Build.0 = Release|Any CPU
		{6763AF15-D8BE-4E44-BAC4-9E5488954D40}.Debug|Any CPU.ActiveCfg = Debug|Any CPU
		{6763AF15-D8BE-4E44-BAC4-9E5488954D40}.Debug|Any CPU.Build.0 = Debug|Any CPU
		{6763AF15-D8BE-4E44-BAC4-9E5488954D40}.Release|Any CPU.ActiveCfg = Release|Any CPU
		{6763AF15-D8BE-4E44-BAC4-9E5488954D40}.Release|Any CPU.Build.0 = Release|Any CPU
		{088BF5F9-DECD-49FD-8FAD-EB312C4430EA}.Debug|Any CPU.ActiveCfg = Debug|Any CPU
		{088BF5F9-DECD-49FD-8FAD-EB312C4430EA}.Debug|Any CPU.Build.0 = Debug|Any CPU
		{088BF5F9-DECD-49FD-8FAD-EB312C4430EA}.Release|Any CPU.ActiveCfg = Release|Any CPU
		{088BF5F9-DECD-49FD-8FAD-EB312C4430EA}.Release|Any CPU.Build.0 = Release|Any CPU
		{42BA5D2C-AAC1-460F-8993-60C393DE6413}.Debug|Any CPU.ActiveCfg = Debug|Any CPU
		{42BA5D2C-AAC1-460F-8993-60C393DE6413}.Debug|Any CPU.Build.0 = Debug|Any CPU
		{42BA5D2C-AAC1-460F-8993-60C393DE6413}.Release|Any CPU.ActiveCfg = Release|Any CPU
		{42BA5D2C-AAC1-460F-8993-60C393DE6413}.Release|Any CPU.Build.0 = Release|Any CPU
		{BD5E938F-6604-4D00-B12D-D0E508FD6D61}.Debug|Any CPU.ActiveCfg = Debug|Any CPU
		{BD5E938F-6604-4D00-B12D-D0E508FD6D61}.Debug|Any CPU.Build.0 = Debug|Any CPU
		{BD5E938F-6604-4D00-B12D-D0E508FD6D61}.Release|Any CPU.ActiveCfg = Release|Any CPU
		{BD5E938F-6604-4D00-B12D-D0E508FD6D61}.Release|Any CPU.Build.0 = Release|Any CPU
		{DB9424D1-5B16-487C-A25D-7259E4B827AE}.Debug|Any CPU.ActiveCfg = Debug|Any CPU
		{DB9424D1-5B16-487C-A25D-7259E4B827AE}.Debug|Any CPU.Build.0 = Debug|Any CPU
		{DB9424D1-5B16-487C-A25D-7259E4B827AE}.Release|Any CPU.ActiveCfg = Release|Any CPU
		{DB9424D1-5B16-487C-A25D-7259E4B827AE}.Release|Any CPU.Build.0 = Release|Any CPU
		{DFE1C157-53C9-4022-8CD7-DECEC047B2BA}.Debug|Any CPU.ActiveCfg = Debug|Any CPU
		{DFE1C157-53C9-4022-8CD7-DECEC047B2BA}.Debug|Any CPU.Build.0 = Debug|Any CPU
		{DFE1C157-53C9-4022-8CD7-DECEC047B2BA}.Release|Any CPU.ActiveCfg = Release|Any CPU
		{DFE1C157-53C9-4022-8CD7-DECEC047B2BA}.Release|Any CPU.Build.0 = Release|Any CPU
	EndGlobalSection
	GlobalSection(SolutionProperties) = preSolution
		HideSolutionNode = FALSE
	EndGlobalSection
	GlobalSection(ExtensibilityGlobals) = postSolution
		SolutionGuid = {D5940BBC-12BB-4B39-BD3C-0DED7D4C48C7}
	EndGlobalSection
EndGlobal
